// !$*UTF8*$!
{
	archiveVersion = 1;
	classes = {
	};
	objectVersion = 70;
	objects = {

/* Begin PBXBuildFile section */
		FE13FB432E23E882000E7BEA /* Extension.appex in Embed Foundation Extensions */ = {isa = PBXBuildFile; fileRef = FE13FB312E23E882000E7BEA /* Extension.appex */; settings = {ATTRIBUTES = (RemoveHeadersOnCopy, ); }; };
		FE1A8B242B98F32E0007963E /* SwitcherooApp.swift in Sources */ = {isa = PBXBuildFile; fileRef = FE1A8B232B98F32E0007963E /* SwitcherooApp.swift */; };
		FE1A8B282B98F32F0007963E /* Assets.xcassets in Resources */ = {isa = PBXBuildFile; fileRef = FE1A8B272B98F32F0007963E /* Assets.xcassets */; };
		FE936EA12CE493E1006B2CE7 /* AppDelegate.swift in Sources */ = {isa = PBXBuildFile; fileRef = FE936EA02CE493E1006B2CE7 /* AppDelegate.swift */; };
		FE936EA32CE4966F006B2CE7 /* ProfilePickerView.swift in Sources */ = {isa = PBXBuildFile; fileRef = FE936EA22CE4966F006B2CE7 /* ProfilePickerView.swift */; };
		FE936EA52CE4971F006B2CE7 /* SettingsView.swift in Sources */ = {isa = PBXBuildFile; fileRef = FE936EA42CE4971F006B2CE7 /* SettingsView.swift */; };
		FED302AF2D2FA8A700D756FF /* FloatingPanel.swift in Sources */ = {isa = PBXBuildFile; fileRef = FED302AE2D2FA8A700D756FF /* FloatingPanel.swift */; };
		FEEAADB72D2FEFC200DD0F91 /* KeyDownListener.swift in Sources */ = {isa = PBXBuildFile; fileRef = FEEAADB62D2FEFC200DD0F91 /* KeyDownListener.swift */; };
/* End PBXBuildFile section */

/* Begin PBXContainerItemProxy section */
		FE13FB412E23E882000E7BEA /* PBXContainerItemProxy */ = {
			isa = PBXContainerItemProxy;
			containerPortal = FE1A8B182B98F32E0007963E /* Project object */;
			proxyType = 1;
			remoteGlobalIDString = FE13FB302E23E882000E7BEA;
			remoteInfo = Extension;
		};
/* End PBXContainerItemProxy section */

/* Begin PBXCopyFilesBuildPhase section */
		FE13FB442E23E882000E7BEA /* Embed Foundation Extensions */ = {
			isa = PBXCopyFilesBuildPhase;
			buildActionMask = 2147483647;
			dstPath = "";
			dstSubfolderSpec = 13;
			files = (
				FE13FB432E23E882000E7BEA /* Extension.appex in Embed Foundation Extensions */,
			);
			name = "Embed Foundation Extensions";
			runOnlyForDeploymentPostprocessing = 0;
		};
/* End PBXCopyFilesBuildPhase section */

/* Begin PBXFileReference section */
		F461877F2BA9B7D300C92A84 /* readme.md */ = {isa = PBXFileReference; lastKnownFileType = net.daringfireball.markdown; path = readme.md; sourceTree = "<group>"; };
		FE13FB312E23E882000E7BEA /* Extension.appex */ = {isa = PBXFileReference; explicitFileType = "wrapper.app-extension"; includeInIndex = 0; path = Extension.appex; sourceTree = BUILT_PRODUCTS_DIR; };
		FE1A8B202B98F32E0007963E /* Switcheroo.app */ = {isa = PBXFileReference; explicitFileType = wrapper.application; includeInIndex = 0; path = Switcheroo.app; sourceTree = BUILT_PRODUCTS_DIR; };
		FE1A8B232B98F32E0007963E /* SwitcherooApp.swift */ = {isa = PBXFileReference; lastKnownFileType = sourcecode.swift; path = SwitcherooApp.swift; sourceTree = "<group>"; };
		FE1A8B272B98F32F0007963E /* Assets.xcassets */ = {isa = PBXFileReference; lastKnownFileType = folder.assetcatalog; path = Assets.xcassets; sourceTree = "<group>"; };
		FE1A8B2C2B98F32F0007963E /* Switcheroo.entitlements */ = {isa = PBXFileReference; lastKnownFileType = text.plist.entitlements; path = Switcheroo.entitlements; sourceTree = "<group>"; };
		FE2391E32B99016B0094E61B /* Info.plist */ = {isa = PBXFileReference; lastKnownFileType = text.plist; path = Info.plist; sourceTree = "<group>"; };
		FE936EA02CE493E1006B2CE7 /* AppDelegate.swift */ = {isa = PBXFileReference; lastKnownFileType = sourcecode.swift; path = AppDelegate.swift; sourceTree = "<group>"; };
		FE936EA22CE4966F006B2CE7 /* ProfilePickerView.swift */ = {isa = PBXFileReference; lastKnownFileType = sourcecode.swift; path = ProfilePickerView.swift; sourceTree = "<group>"; };
		FE936EA42CE4971F006B2CE7 /* SettingsView.swift */ = {isa = PBXFileReference; lastKnownFileType = sourcecode.swift; path = SettingsView.swift; sourceTree = "<group>"; };
		FED302AE2D2FA8A700D756FF /* FloatingPanel.swift */ = {isa = PBXFileReference; lastKnownFileType = sourcecode.swift; path = FloatingPanel.swift; sourceTree = "<group>"; };
		FEEAADB62D2FEFC200DD0F91 /* KeyDownListener.swift */ = {isa = PBXFileReference; lastKnownFileType = sourcecode.swift; path = KeyDownListener.swift; sourceTree = "<group>"; };
/* End PBXFileReference section */

/* Begin PBXFileSystemSynchronizedBuildFileExceptionSet section */
		FE13FB472E23E882000E7BEA /* PBXFileSystemSynchronizedBuildFileExceptionSet */ = {
			isa = PBXFileSystemSynchronizedBuildFileExceptionSet;
			membershipExceptions = (
				Info.plist,
			);
			target = FE13FB302E23E882000E7BEA /* Extension */;
		};
/* End PBXFileSystemSynchronizedBuildFileExceptionSet section */

/* Begin PBXFileSystemSynchronizedRootGroup section */
		FE13FB322E23E882000E7BEA /* Extension */ = {isa = PBXFileSystemSynchronizedRootGroup; exceptions = (FE13FB472E23E882000E7BEA /* PBXFileSystemSynchronizedBuildFileExceptionSet */, ); explicitFileTypes = {}; explicitFolders = (); path = Extension; sourceTree = "<group>"; };
/* End PBXFileSystemSynchronizedRootGroup section */

/* Begin PBXFrameworksBuildPhase section */
		FE13FB2E2E23E882000E7BEA /* Frameworks */ = {
			isa = PBXFrameworksBuildPhase;
			buildActionMask = 2147483647;
			files = (
			);
			runOnlyForDeploymentPostprocessing = 0;
		};
		FE1A8B1D2B98F32E0007963E /* Frameworks */ = {
			isa = PBXFrameworksBuildPhase;
			buildActionMask = 2147483647;
			files = (
			);
			runOnlyForDeploymentPostprocessing = 0;
		};
/* End PBXFrameworksBuildPhase section */

/* Begin PBXGroup section */
		FE1A8B172B98F32E0007963E = {
			isa = PBXGroup;
			children = (
				F461877F2BA9B7D300C92A84 /* readme.md */,
				FE1A8B222B98F32E0007963E /* Switcheroo */,
				FE13FB322E23E882000E7BEA /* Extension */,
				FE1A8B212B98F32E0007963E /* Products */,
			);
			sourceTree = "<group>";
		};
		FE1A8B212B98F32E0007963E /* Products */ = {
			isa = PBXGroup;
			children = (
				FE1A8B202B98F32E0007963E /* Switcheroo.app */,
				FE13FB312E23E882000E7BEA /* Extension.appex */,
			);
			name = Products;
			sourceTree = "<group>";
		};
		FE1A8B222B98F32E0007963E /* Switcheroo */ = {
			isa = PBXGroup;
			children = (
				FE2391E32B99016B0094E61B /* Info.plist */,
				FE936EA02CE493E1006B2CE7 /* AppDelegate.swift */,
				FE1A8B232B98F32E0007963E /* SwitcherooApp.swift */,
				FE936EA22CE4966F006B2CE7 /* ProfilePickerView.swift */,
				FE936EA42CE4971F006B2CE7 /* SettingsView.swift */,
				FED302AE2D2FA8A700D756FF /* FloatingPanel.swift */,
				FEEAADB62D2FEFC200DD0F91 /* KeyDownListener.swift */,
				FE1A8B272B98F32F0007963E /* Assets.xcassets */,
				FE1A8B2C2B98F32F0007963E /* Switcheroo.entitlements */,
			);
			path = Switcheroo;
			sourceTree = "<group>";
		};
/* End PBXGroup section */

/* Begin PBXNativeTarget section */
		FE13FB302E23E882000E7BEA /* Extension */ = {
			isa = PBXNativeTarget;
			buildConfigurationList = FE13FB482E23E882000E7BEA /* Build configuration list for PBXNativeTarget "Extension" */;
			buildPhases = (
				FE13FB2D2E23E882000E7BEA /* Sources */,
				FE13FB2E2E23E882000E7BEA /* Frameworks */,
				FE13FB2F2E23E882000E7BEA /* Resources */,
			);
			buildRules = (
			);
			dependencies = (
			);
			fileSystemSynchronizedGroups = (
				FE13FB322E23E882000E7BEA /* Extension */,
			);
			name = Extension;
			packageProductDependencies = (
			);
			productName = Extension;
			productReference = FE13FB312E23E882000E7BEA /* Extension.appex */;
			productType = "com.apple.product-type.app-extension";
		};
		FE1A8B1F2B98F32E0007963E /* Switcheroo */ = {
			isa = PBXNativeTarget;
			buildConfigurationList = FE1A8B2F2B98F32F0007963E /* Build configuration list for PBXNativeTarget "Switcheroo" */;
			buildPhases = (
				FE1A8B1C2B98F32E0007963E /* Sources */,
				FE1A8B1D2B98F32E0007963E /* Frameworks */,
				FE1A8B1E2B98F32E0007963E /* Resources */,
				FE13FB442E23E882000E7BEA /* Embed Foundation Extensions */,
			);
			buildRules = (
			);
			dependencies = (
				FE13FB422E23E882000E7BEA /* PBXTargetDependency */,
			);
			name = Switcheroo;
			productName = Switcheroo;
			productReference = FE1A8B202B98F32E0007963E /* Switcheroo.app */;
			productType = "com.apple.product-type.application";
		};
/* End PBXNativeTarget section */

/* Begin PBXProject section */
		FE1A8B182B98F32E0007963E /* Project object */ = {
			isa = PBXProject;
			attributes = {
				BuildIndependentTargetsInParallel = 1;
				LastSwiftUpdateCheck = 1640;
				LastUpgradeCheck = 1640;
				TargetAttributes = {
					FE13FB302E23E882000E7BEA = {
						CreatedOnToolsVersion = 16.4;
					};
					FE1A8B1F2B98F32E0007963E = {
						CreatedOnToolsVersion = 15.3;
					};
				};
			};
			buildConfigurationList = FE1A8B1B2B98F32E0007963E /* Build configuration list for PBXProject "Switcheroo" */;
			compatibilityVersion = "Xcode 14.0";
			developmentRegion = en;
			hasScannedForEncodings = 0;
			knownRegions = (
				en,
				Base,
			);
			mainGroup = FE1A8B172B98F32E0007963E;
			productRefGroup = FE1A8B212B98F32E0007963E /* Products */;
			projectDirPath = "";
			projectRoot = "";
			targets = (
				FE1A8B1F2B98F32E0007963E /* Switcheroo */,
				FE13FB302E23E882000E7BEA /* Extension */,
			);
		};
/* End PBXProject section */

/* Begin PBXResourcesBuildPhase section */
		FE13FB2F2E23E882000E7BEA /* Resources */ = {
			isa = PBXResourcesBuildPhase;
			buildActionMask = 2147483647;
			files = (
			);
			runOnlyForDeploymentPostprocessing = 0;
		};
		FE1A8B1E2B98F32E0007963E /* Resources */ = {
			isa = PBXResourcesBuildPhase;
			buildActionMask = 2147483647;
			files = (
				FE1A8B282B98F32F0007963E /* Assets.xcassets in Resources */,
			);
			runOnlyForDeploymentPostprocessing = 0;
		};
/* End PBXResourcesBuildPhase section */

/* Begin PBXSourcesBuildPhase section */
		FE13FB2D2E23E882000E7BEA /* Sources */ = {
			isa = PBXSourcesBuildPhase;
			buildActionMask = 2147483647;
			files = (
			);
			runOnlyForDeploymentPostprocessing = 0;
		};
		FE1A8B1C2B98F32E0007963E /* Sources */ = {
			isa = PBXSourcesBuildPhase;
			buildActionMask = 2147483647;
			files = (
				FE936EA52CE4971F006B2CE7 /* SettingsView.swift in Sources */,
				FEEAADB72D2FEFC200DD0F91 /* KeyDownListener.swift in Sources */,
				FE936EA32CE4966F006B2CE7 /* ProfilePickerView.swift in Sources */,
				FED302AF2D2FA8A700D756FF /* FloatingPanel.swift in Sources */,
				FE936EA12CE493E1006B2CE7 /* AppDelegate.swift in Sources */,
				FE1A8B242B98F32E0007963E /* SwitcherooApp.swift in Sources */,
			);
			runOnlyForDeploymentPostprocessing = 0;
		};
/* End PBXSourcesBuildPhase section */

/* Begin PBXTargetDependency section */
		FE13FB422E23E882000E7BEA /* PBXTargetDependency */ = {
			isa = PBXTargetDependency;
			target = FE13FB302E23E882000E7BEA /* Extension */;
			targetProxy = FE13FB412E23E882000E7BEA /* PBXContainerItemProxy */;
		};
/* End PBXTargetDependency section */

/* Begin XCBuildConfiguration section */
		FE13FB452E23E882000E7BEA /* Debug */ = {
			isa = XCBuildConfiguration;
			buildSettings = {
				CODE_SIGN_ENTITLEMENTS = Extension/Extension.entitlements;
				CODE_SIGN_STYLE = Automatic;
				CURRENT_PROJECT_VERSION = 1;
				ENABLE_HARDENED_RUNTIME = YES;
				GENERATE_INFOPLIST_FILE = YES;
				INFOPLIST_FILE = Extension/Info.plist;
				INFOPLIST_KEY_CFBundleDisplayName = Switcheroo;
				INFOPLIST_KEY_NSHumanReadableCopyright = "";
				LD_RUNPATH_SEARCH_PATHS = (
					"$(inherited)",
					"@executable_path/../Frameworks",
					"@executable_path/../../../../Frameworks",
				);
				MACOSX_DEPLOYMENT_TARGET = 13.0;
				MARKETING_VERSION = 1.2.0;
				OTHER_LDFLAGS = (
					"-framework",
					SafariServices,
				);
				PRODUCT_BUNDLE_IDENTIFIER = com.andadinosaur.Switcheroo.Extension;
				PRODUCT_NAME = "$(TARGET_NAME)";
				SKIP_INSTALL = YES;
				SWIFT_EMIT_LOC_STRINGS = YES;
				SWIFT_VERSION = 5.0;
			};
			name = Debug;
		};
		FE13FB462E23E882000E7BEA /* Release */ = {
			isa = XCBuildConfiguration;
			buildSettings = {
				CODE_SIGN_ENTITLEMENTS = Extension/Extension.entitlements;
				CODE_SIGN_STYLE = Automatic;
				CURRENT_PROJECT_VERSION = 1;
				ENABLE_HARDENED_RUNTIME = YES;
				GENERATE_INFOPLIST_FILE = YES;
				INFOPLIST_FILE = Extension/Info.plist;
				INFOPLIST_KEY_CFBundleDisplayName = Switcheroo;
				INFOPLIST_KEY_NSHumanReadableCopyright = "";
				LD_RUNPATH_SEARCH_PATHS = (
					"$(inherited)",
					"@executable_path/../Frameworks",
					"@executable_path/../../../../Frameworks",
				);
				MACOSX_DEPLOYMENT_TARGET = 13.0;
				MARKETING_VERSION = 1.2.0;
				OTHER_LDFLAGS = (
					"-framework",
					SafariServices,
				);
				PRODUCT_BUNDLE_IDENTIFIER = com.andadinosaur.Switcheroo.Extension;
				PRODUCT_NAME = "$(TARGET_NAME)";
				SKIP_INSTALL = YES;
				SWIFT_EMIT_LOC_STRINGS = YES;
				SWIFT_VERSION = 5.0;
			};
			name = Release;
		};
		FE1A8B2D2B98F32F0007963E /* Debug */ = {
			isa = XCBuildConfiguration;
			buildSettings = {
				ALWAYS_SEARCH_USER_PATHS = NO;
				ASSETCATALOG_COMPILER_GENERATE_SWIFT_ASSET_SYMBOL_EXTENSIONS = YES;
				CLANG_ANALYZER_NONNULL = YES;
				CLANG_ANALYZER_NUMBER_OBJECT_CONVERSION = YES_AGGRESSIVE;
				CLANG_CXX_LANGUAGE_STANDARD = "gnu++20";
				CLANG_ENABLE_MODULES = YES;
				CLANG_ENABLE_OBJC_ARC = YES;
				CLANG_ENABLE_OBJC_WEAK = YES;
				CLANG_WARN_BLOCK_CAPTURE_AUTORELEASING = YES;
				CLANG_WARN_BOOL_CONVERSION = YES;
				CLANG_WARN_COMMA = YES;
				CLANG_WARN_CONSTANT_CONVERSION = YES;
				CLANG_WARN_DEPRECATED_OBJC_IMPLEMENTATIONS = YES;
				CLANG_WARN_DIRECT_OBJC_ISA_USAGE = YES_ERROR;
				CLANG_WARN_DOCUMENTATION_COMMENTS = YES;
				CLANG_WARN_EMPTY_BODY = YES;
				CLANG_WARN_ENUM_CONVERSION = YES;
				CLANG_WARN_INFINITE_RECURSION = YES;
				CLANG_WARN_INT_CONVERSION = YES;
				CLANG_WARN_NON_LITERAL_NULL_CONVERSION = YES;
				CLANG_WARN_OBJC_IMPLICIT_RETAIN_SELF = YES;
				CLANG_WARN_OBJC_LITERAL_CONVERSION = YES;
				CLANG_WARN_OBJC_ROOT_CLASS = YES_ERROR;
				CLANG_WARN_QUOTED_INCLUDE_IN_FRAMEWORK_HEADER = YES;
				CLANG_WARN_RANGE_LOOP_ANALYSIS = YES;
				CLANG_WARN_STRICT_PROTOTYPES = YES;
				CLANG_WARN_SUSPICIOUS_MOVE = YES;
				CLANG_WARN_UNGUARDED_AVAILABILITY = YES_AGGRESSIVE;
				CLANG_WARN_UNREACHABLE_CODE = YES;
				CLANG_WARN__DUPLICATE_METHOD_MATCH = YES;
				COPY_PHASE_STRIP = NO;
				DEAD_CODE_STRIPPING = YES;
				DEBUG_INFORMATION_FORMAT = dwarf;
				DEVELOPMENT_TEAM = N32VBRFKX7;
				ENABLE_STRICT_OBJC_MSGSEND = YES;
				ENABLE_TESTABILITY = YES;
				ENABLE_USER_SCRIPT_SANDBOXING = YES;
				GCC_C_LANGUAGE_STANDARD = gnu17;
				GCC_DYNAMIC_NO_PIC = NO;
				GCC_NO_COMMON_BLOCKS = YES;
				GCC_OPTIMIZATION_LEVEL = 0;
				GCC_PREPROCESSOR_DEFINITIONS = (
					"DEBUG=1",
					"$(inherited)",
				);
				GCC_WARN_64_TO_32_BIT_CONVERSION = YES;
				GCC_WARN_ABOUT_RETURN_TYPE = YES_ERROR;
				GCC_WARN_UNDECLARED_SELECTOR = YES;
				GCC_WARN_UNINITIALIZED_AUTOS = YES_AGGRESSIVE;
				GCC_WARN_UNUSED_FUNCTION = YES;
				GCC_WARN_UNUSED_VARIABLE = YES;
				LOCALIZATION_PREFERS_STRING_CATALOGS = YES;
				MACOSX_DEPLOYMENT_TARGET = 12.0;
				MTL_ENABLE_DEBUG_INFO = INCLUDE_SOURCE;
				MTL_FAST_MATH = YES;
				ONLY_ACTIVE_ARCH = YES;
				SDKROOT = macosx;
				SWIFT_ACTIVE_COMPILATION_CONDITIONS = "DEBUG $(inherited)";
				SWIFT_OPTIMIZATION_LEVEL = "-Onone";
			};
			name = Debug;
		};
		FE1A8B2E2B98F32F0007963E /* Release */ = {
			isa = XCBuildConfiguration;
			buildSettings = {
				ALWAYS_SEARCH_USER_PATHS = NO;
				ASSETCATALOG_COMPILER_GENERATE_SWIFT_ASSET_SYMBOL_EXTENSIONS = YES;
				CLANG_ANALYZER_NONNULL = YES;
				CLANG_ANALYZER_NUMBER_OBJECT_CONVERSION = YES_AGGRESSIVE;
				CLANG_CXX_LANGUAGE_STANDARD = "gnu++20";
				CLANG_ENABLE_MODULES = YES;
				CLANG_ENABLE_OBJC_ARC = YES;
				CLANG_ENABLE_OBJC_WEAK = YES;
				CLANG_WARN_BLOCK_CAPTURE_AUTORELEASING = YES;
				CLANG_WARN_BOOL_CONVERSION = YES;
				CLANG_WARN_COMMA = YES;
				CLANG_WARN_CONSTANT_CONVERSION = YES;
				CLANG_WARN_DEPRECATED_OBJC_IMPLEMENTATIONS = YES;
				CLANG_WARN_DIRECT_OBJC_ISA_USAGE = YES_ERROR;
				CLANG_WARN_DOCUMENTATION_COMMENTS = YES;
				CLANG_WARN_EMPTY_BODY = YES;
				CLANG_WARN_ENUM_CONVERSION = YES;
				CLANG_WARN_INFINITE_RECURSION = YES;
				CLANG_WARN_INT_CONVERSION = YES;
				CLANG_WARN_NON_LITERAL_NULL_CONVERSION = YES;
				CLANG_WARN_OBJC_IMPLICIT_RETAIN_SELF = YES;
				CLANG_WARN_OBJC_LITERAL_CONVERSION = YES;
				CLANG_WARN_OBJC_ROOT_CLASS = YES_ERROR;
				CLANG_WARN_QUOTED_INCLUDE_IN_FRAMEWORK_HEADER = YES;
				CLANG_WARN_RANGE_LOOP_ANALYSIS = YES;
				CLANG_WARN_STRICT_PROTOTYPES = YES;
				CLANG_WARN_SUSPICIOUS_MOVE = YES;
				CLANG_WARN_UNGUARDED_AVAILABILITY = YES_AGGRESSIVE;
				CLANG_WARN_UNREACHABLE_CODE = YES;
				CLANG_WARN__DUPLICATE_METHOD_MATCH = YES;
				COPY_PHASE_STRIP = NO;
				DEAD_CODE_STRIPPING = YES;
				DEBUG_INFORMATION_FORMAT = "dwarf-with-dsym";
				DEVELOPMENT_TEAM = N32VBRFKX7;
				ENABLE_NS_ASSERTIONS = NO;
				ENABLE_STRICT_OBJC_MSGSEND = YES;
				ENABLE_USER_SCRIPT_SANDBOXING = YES;
				GCC_C_LANGUAGE_STANDARD = gnu17;
				GCC_NO_COMMON_BLOCKS = YES;
				GCC_WARN_64_TO_32_BIT_CONVERSION = YES;
				GCC_WARN_ABOUT_RETURN_TYPE = YES_ERROR;
				GCC_WARN_UNDECLARED_SELECTOR = YES;
				GCC_WARN_UNINITIALIZED_AUTOS = YES_AGGRESSIVE;
				GCC_WARN_UNUSED_FUNCTION = YES;
				GCC_WARN_UNUSED_VARIABLE = YES;
				LOCALIZATION_PREFERS_STRING_CATALOGS = YES;
				MACOSX_DEPLOYMENT_TARGET = 12.0;
				MTL_ENABLE_DEBUG_INFO = NO;
				MTL_FAST_MATH = YES;
				SDKROOT = macosx;
				SWIFT_COMPILATION_MODE = wholemodule;
			};
			name = Release;
		};
		FE1A8B302B98F32F0007963E /* Debug */ = {
			isa = XCBuildConfiguration;
			buildSettings = {
				ASSETCATALOG_COMPILER_APPICON_NAME = AppIcon;
				ASSETCATALOG_COMPILER_GLOBAL_ACCENT_COLOR_NAME = AccentColor;
				CODE_SIGN_ENTITLEMENTS = Switcheroo/Switcheroo.entitlements;
				CODE_SIGN_STYLE = Automatic;
				COMBINE_HIDPI_IMAGES = YES;
				CURRENT_PROJECT_VERSION = 1;
				DEAD_CODE_STRIPPING = YES;
				DEVELOPMENT_ASSET_PATHS = "";
				ENABLE_HARDENED_RUNTIME = YES;
				ENABLE_PREVIEWS = YES;
				GENERATE_INFOPLIST_FILE = YES;
				INFOPLIST_FILE = Switcheroo/Info.plist;
				INFOPLIST_KEY_CFBundleDisplayName = Switcheroo;
				INFOPLIST_KEY_LSApplicationCategoryType = "public.app-category.utilities";
				INFOPLIST_KEY_NSAppleEventsUsageDescription = Please.;
				INFOPLIST_KEY_NSHumanReadableCopyright = "";
				LD_RUNPATH_SEARCH_PATHS = (
					"$(inherited)",
					"@executable_path/../Frameworks",
				);
				MACOSX_DEPLOYMENT_TARGET = 13.0;
				MARKETING_VERSION = 1.2.0;
				PRODUCT_BUNDLE_IDENTIFIER = com.andadinosaur.Switcheroo;
				PRODUCT_NAME = "$(TARGET_NAME)";
				SWIFT_EMIT_LOC_STRINGS = YES;
				SWIFT_VERSION = 5.0;
			};
			name = Debug;
		};
		FE1A8B312B98F32F0007963E /* Release */ = {
			isa = XCBuildConfiguration;
			buildSettings = {
				ASSETCATALOG_COMPILER_APPICON_NAME = AppIcon;
				ASSETCATALOG_COMPILER_GLOBAL_ACCENT_COLOR_NAME = AccentColor;
				CODE_SIGN_ENTITLEMENTS = Switcheroo/Switcheroo.entitlements;
				CODE_SIGN_STYLE = Automatic;
				COMBINE_HIDPI_IMAGES = YES;
				CURRENT_PROJECT_VERSION = 1;
				DEAD_CODE_STRIPPING = YES;
				DEVELOPMENT_ASSET_PATHS = "";
				ENABLE_HARDENED_RUNTIME = YES;
				ENABLE_PREVIEWS = YES;
				GENERATE_INFOPLIST_FILE = YES;
				INFOPLIST_FILE = Switcheroo/Info.plist;
				INFOPLIST_KEY_CFBundleDisplayName = Switcheroo;
				INFOPLIST_KEY_LSApplicationCategoryType = "public.app-category.utilities";
				INFOPLIST_KEY_NSAppleEventsUsageDescription = Please.;
				INFOPLIST_KEY_NSHumanReadableCopyright = "";
				LD_RUNPATH_SEARCH_PATHS = (
					"$(inherited)",
					"@executable_path/../Frameworks",
				);
				MACOSX_DEPLOYMENT_TARGET = 13.0;
				MARKETING_VERSION = 1.2.0;
				PRODUCT_BUNDLE_IDENTIFIER = com.andadinosaur.Switcheroo;
				PRODUCT_NAME = "$(TARGET_NAME)";
				SWIFT_EMIT_LOC_STRINGS = YES;
				SWIFT_VERSION = 5.0;
			};
			name = Release;
		};
/* End XCBuildConfiguration section */

/* Begin XCConfigurationList section */
		FE13FB482E23E882000E7BEA /* Build configuration list for PBXNativeTarget "Extension" */ = {
			isa = XCConfigurationList;
			buildConfigurations = (
				FE13FB452E23E882000E7BEA /* Debug */,
				FE13FB462E23E882000E7BEA /* Release */,
			);
			defaultConfigurationIsVisible = 0;
			defaultConfigurationName = Release;
		};
		FE1A8B1B2B98F32E0007963E /* Build configuration list for PBXProject "Switcheroo" */ = {
			isa = XCConfigurationList;
			buildConfigurations = (
				FE1A8B2D2B98F32F0007963E /* Debug */,
				FE1A8B2E2B98F32F0007963E /* Release */,
			);
			defaultConfigurationIsVisible = 0;
			defaultConfigurationName = Release;
		};
		FE1A8B2F2B98F32F0007963E /* Build configuration list for PBXNativeTarget "Switcheroo" */ = {
			isa = XCConfigurationList;
			buildConfigurations = (
				FE1A8B302B98F32F0007963E /* Debug */,
				FE1A8B312B98F32F0007963E /* Release */,
			);
			defaultConfigurationIsVisible = 0;
			defaultConfigurationName = Release;
		};
/* End XCConfigurationList section */
	};
	rootObject = FE1A8B182B98F32E0007963E /* Project object */;
}
